
Microsoft Visual Studio Solution File, Format Version 12.00
# Visual Studio Version 16
VisualStudioVersion = 16.0.30225.117
MinimumVisualStudioVersion = 10.0.40219.1
Project("{FAE04EC0-301F-11D3-BF4B-00C04F79EFBC}") = "test-one", "test-one.csproj", "{639DE3FC-9569-4EE9-A2D2-33571DCB3BA7}"
EndProject
Global
	GlobalSection(SolutionConfigurationPlatforms) = preSolution
		Debug|Any CPU = Debug|Any CPU
		Release|Any CPU = Release|Any CPU
	EndGlobalSection
	GlobalSection(ProjectConfigurationPlatforms) = postSolution
		{639DE3FC-9569-4EE9-A2D2-33571DCB3BA7}.Debug|Any CPU.ActiveCfg = Debug|Any CPU
		{639DE3FC-9569-4EE9-A2D2-33571DCB3BA7}.Debug|Any CPU.Build.0 = Debug|Any CPU
		{639DE3FC-9569-4EE9-A2D2-33571DCB3BA7}.Release|Any CPU.ActiveCfg = Release|Any CPU
		{639DE3FC-9569-4EE9-A2D2-33571DCB3BA7}.Release|Any CPU.Build.0 = Release|Any CPU
	EndGlobalSection
	GlobalSection(SolutionProperties) = preSolution
		HideSolutionNode = FALSE
	EndGlobalSection
	GlobalSection(ExtensibilityGlobals) = postSolution
		SolutionGuid = {6DA0A768-D0EA-49D9-A812-26D04A45D11F}
	EndGlobalSection
EndGlobal
